{
  "originHash" : "f06403c2245cf27ddd8480ff5a44d207df3cc821f244a752505c7e4964de289e",
  "pins" : [
    {
      "identity" : "swift-collections",
      "kind" : "remoteSourceControl",
      "location" : "https://github.com/apple/swift-collections",
      "state" : {
        "revision" : "671108c96644956dddcd89dd59c203dcdb36cec7",
        "version" : "1.1.4"
      }
    },
    {
      "identity" : "swift-json-schema",
      "kind" : "remoteSourceControl",
      "location" : "https://github.com/sirily11/swift-json-schema",
      "state" : {
        "revision" : "1191643b61aa1f5637cf130e045c3e1500fb6f2e",
        "version" : "1.0.1"
      }
    }
  ],
  "version" : 3
}
