{
  "originHash" : "3af4a3dc464065ef1f7a8521f23390f7675efd8a852a9ed5900576c249e21722",
  "pins" : [
    {
      "identity" : "swift-collections",
      "kind" : "remoteSourceControl",
      "location" : "https://github.com/apple/swift-collections",
      "state" : {
        "revision" : "671108c96644956dddcd89dd59c203dcdb36cec7",
        "version" : "1.1.4"
      }
    },
    {
      "identity" : "swift-json-schema",
      "kind" : "remoteSourceControl",
      "location" : "https://github.com/sirily11/swift-json-schema",
      "state" : {
        "branch" : "main",
        "revision" : "bdac5ca668bdd7561b41bf6adf182ebcb4cd39c9"
      }
    }
  ],
  "version" : 3
}
