{
  "originHash" : "ba406aa2de08573199120766a609dd6080c94cf5b05bf7cabdd7166a53d173ea",
  "pins" : [
    {
      "identity" : "swift-json-schema",
      "kind" : "remoteSourceControl",
      "location" : "https://github.com/sirily11/swift-json-schema",
      "state" : {
        "branch" : "main",
        "revision" : "62cebacbfb77f72712dea21cbbea4544c9bd08ba"
      }
    }
  ],
  "version" : 3
}
